
Microsoft Visual Studio Solution File, Format Version 12.00
# Visual Studio Version 16
VisualStudioVersion = 16.0.30413.136
MinimumVisualStudioVersion = 10.0.40219.1
Project("{FAE04EC0-301F-11D3-BF4B-00C04F79EFBC}") = "methodsWithLoopsAndConditionals", "methodsWithLoopsAndConditionals.csproj", "{D094A5F7-8C83-4260-83EF-C32936D10F6E}"
EndProject
Global
	GlobalSection(SolutionConfigurationPlatforms) = preSolution
		Debug|Any CPU = Debug|Any CPU
		Release|Any CPU = Release|Any CPU
	EndGlobalSection
	GlobalSection(ProjectConfigurationPlatforms) = postSolution
		{D094A5F7-8C83-4260-83EF-C32936D10F6E}.Debug|Any CPU.ActiveCfg = Debug|Any CPU
		{D094A5F7-8C83-4260-83EF-C32936D10F6E}.Debug|Any CPU.Build.0 = Debug|Any CPU
		{D094A5F7-8C83-4260-83EF-C32936D10F6E}.Release|Any CPU.ActiveCfg = Release|Any CPU
		{D094A5F7-8C83-4260-83EF-C32936D10F6E}.Release|Any CPU.Build.0 = Release|Any CPU
	EndGlobalSection
	GlobalSection(SolutionProperties) = preSolution
		HideSolutionNode = FALSE
	EndGlobalSection
	GlobalSection(ExtensibilityGlobals) = postSolution
		SolutionGuid = {59C5030B-6773-44B2-8A81-FFF5EC88CE81}
	EndGlobalSection
EndGlobal
